
Microsoft Visual Studio Solution File, Format Version 12.00
Project("{2150E333-8FDC-42A3-9474-1A3956D46DE8}") = "Microservices", "Microservices", "{7F16FBAF-079E-47C5-B162-4A7A7E22C293}"
EndProject
Project("{2150E333-8FDC-42A3-9474-1A3956D46DE8}") = "Shared", "Shared", "{C8A7AC3A-10CA-4A99-87C9-BB9CD3FCFC5D}"
EndProject
Project("{2150E333-8FDC-42A3-9474-1A3956D46DE8}") = "Ordering", "Ordering", "{98152374-7362-41A1-9B8F-EB9D80AFCC0F}"
EndProject
Project("{FAE04EC0-301F-11D3-BF4B-00C04F79EFBC}") = "Ordering.Api", "Ordering.Api\Ordering.Api.csproj", "{3EB31860-BA61-4681-A079-8ADD15C639A7}"
EndProject
Project("{FAE04EC0-301F-11D3-BF4B-00C04F79EFBC}") = "Ordering.Domain", "Ordering.Domain\Ordering.Domain.csproj", "{B2340862-4491-4CA2-A24B-60E0EE7CEAB0}"
EndProject
Project("{FAE04EC0-301F-11D3-BF4B-00C04F79EFBC}") = "Ordering.Infrastructure", "Ordering.Infrastructure\Ordering.Infrastructure.csproj", "{0C521B66-A297-4879-8C81-3BCAB038470D}"
EndProject
Project("{2150E333-8FDC-42A3-9474-1A3956D46DE8}") = "Billing", "Billing", "{40717EF0-C61C-45CF-A93D-936BA7E08019}"
EndProject
Project("{FAE04EC0-301F-11D3-BF4B-00C04F79EFBC}") = "Billing.Api", "Billing.Api\Billing.Api.csproj", "{3E76A9E7-FDA7-4E20-A685-8B82C838BD10}"
EndProject
Project("{FAE04EC0-301F-11D3-BF4B-00C04F79EFBC}") = "Billing.Domain", "Billing.Domain\Billing.Domain.csproj", "{DE7DCA63-5921-4F51-B79D-53CCFA33FF89}"
EndProject
Project("{FAE04EC0-301F-11D3-BF4B-00C04F79EFBC}") = "Billing.Infrastructure", "Billing.Infrastructure\Billing.Infrastructure.csproj", "{7819E040-87CB-4258-B729-3F6C9A08315E}"
EndProject
Project("{FAE04EC0-301F-11D3-BF4B-00C04F79EFBC}") = "Shared.Messaging", "Shared.Messaging\Shared.Messaging.csproj", "{D369D2B5-2DF1-4CD9-B896-BE5A18EE3367}"
EndProject
Project("{FAE04EC0-301F-11D3-BF4B-00C04F79EFBC}") = "Shared.Infrastructure", "Shared.Infrastructure\Shared.Infrastructure.csproj", "{BC70DF67-79D9-4132-9291-F7923F30A748}"
EndProject
Project("{FAE04EC0-301F-11D3-BF4B-00C04F79EFBC}") = "Ordering.Application", "Ordering.Application\Ordering.Application.csproj", "{4316992C-7B72-4AB4-93D1-889787FC9AE9}"
EndProject
Project("{FAE04EC0-301F-11D3-BF4B-00C04F79EFBC}") = "Billing.Application", "Billing.Application\Billing.Application.csproj", "{1FC8C4BF-FA85-47D7-B7CE-36B3F90725BF}"
EndProject
Global
	GlobalSection(SolutionConfigurationPlatforms) = preSolution
		Debug|Any CPU = Debug|Any CPU
		Release|Any CPU = Release|Any CPU
	EndGlobalSection
	GlobalSection(ProjectConfigurationPlatforms) = postSolution
		{3EB31860-BA61-4681-A079-8ADD15C639A7}.Debug|Any CPU.ActiveCfg = Debug|Any CPU
		{3EB31860-BA61-4681-A079-8ADD15C639A7}.Debug|Any CPU.Build.0 = Debug|Any CPU
		{3EB31860-BA61-4681-A079-8ADD15C639A7}.Release|Any CPU.ActiveCfg = Release|Any CPU
		{3EB31860-BA61-4681-A079-8ADD15C639A7}.Release|Any CPU.Build.0 = Release|Any CPU
		{B2340862-4491-4CA2-A24B-60E0EE7CEAB0}.Debug|Any CPU.ActiveCfg = Debug|Any CPU
		{B2340862-4491-4CA2-A24B-60E0EE7CEAB0}.Debug|Any CPU.Build.0 = Debug|Any CPU
		{B2340862-4491-4CA2-A24B-60E0EE7CEAB0}.Release|Any CPU.ActiveCfg = Release|Any CPU
		{B2340862-4491-4CA2-A24B-60E0EE7CEAB0}.Release|Any CPU.Build.0 = Release|Any CPU
		{0C521B66-A297-4879-8C81-3BCAB038470D}.Debug|Any CPU.ActiveCfg = Debug|Any CPU
		{0C521B66-A297-4879-8C81-3BCAB038470D}.Debug|Any CPU.Build.0 = Debug|Any CPU
		{0C521B66-A297-4879-8C81-3BCAB038470D}.Release|Any CPU.ActiveCfg = Release|Any CPU
		{0C521B66-A297-4879-8C81-3BCAB038470D}.Release|Any CPU.Build.0 = Release|Any CPU
		{3E76A9E7-FDA7-4E20-A685-8B82C838BD10}.Debug|Any CPU.ActiveCfg = Debug|Any CPU
		{3E76A9E7-FDA7-4E20-A685-8B82C838BD10}.Debug|Any CPU.Build.0 = Debug|Any CPU
		{3E76A9E7-FDA7-4E20-A685-8B82C838BD10}.Release|Any CPU.ActiveCfg = Release|Any CPU
		{3E76A9E7-FDA7-4E20-A685-8B82C838BD10}.Release|Any CPU.Build.0 = Release|Any CPU
		{DE7DCA63-5921-4F51-B79D-53CCFA33FF89}.Debug|Any CPU.ActiveCfg = Debug|Any CPU
		{DE7DCA63-5921-4F51-B79D-53CCFA33FF89}.Debug|Any CPU.Build.0 = Debug|Any CPU
		{DE7DCA63-5921-4F51-B79D-53CCFA33FF89}.Release|Any CPU.ActiveCfg = Release|Any CPU
		{DE7DCA63-5921-4F51-B79D-53CCFA33FF89}.Release|Any CPU.Build.0 = Release|Any CPU
		{7819E040-87CB-4258-B729-3F6C9A08315E}.Debug|Any CPU.ActiveCfg = Debug|Any CPU
		{7819E040-87CB-4258-B729-3F6C9A08315E}.Debug|Any CPU.Build.0 = Debug|Any CPU
		{7819E040-87CB-4258-B729-3F6C9A08315E}.Release|Any CPU.ActiveCfg = Release|Any CPU
		{7819E040-87CB-4258-B729-3F6C9A08315E}.Release|Any CPU.Build.0 = Release|Any CPU
		{D369D2B5-2DF1-4CD9-B896-BE5A18EE3367}.Debug|Any CPU.ActiveCfg = Debug|Any CPU
		{D369D2B5-2DF1-4CD9-B896-BE5A18EE3367}.Debug|Any CPU.Build.0 = Debug|Any CPU
		{D369D2B5-2DF1-4CD9-B896-BE5A18EE3367}.Release|Any CPU.ActiveCfg = Release|Any CPU
		{D369D2B5-2DF1-4CD9-B896-BE5A18EE3367}.Release|Any CPU.Build.0 = Release|Any CPU
		{BC70DF67-79D9-4132-9291-F7923F30A748}.Debug|Any CPU.ActiveCfg = Debug|Any CPU
		{BC70DF67-79D9-4132-9291-F7923F30A748}.Debug|Any CPU.Build.0 = Debug|Any CPU
		{BC70DF67-79D9-4132-9291-F7923F30A748}.Release|Any CPU.ActiveCfg = Release|Any CPU
		{BC70DF67-79D9-4132-9291-F7923F30A748}.Release|Any CPU.Build.0 = Release|Any CPU
		{4316992C-7B72-4AB4-93D1-889787FC9AE9}.Debug|Any CPU.ActiveCfg = Debug|Any CPU
		{4316992C-7B72-4AB4-93D1-889787FC9AE9}.Debug|Any CPU.Build.0 = Debug|Any CPU
		{4316992C-7B72-4AB4-93D1-889787FC9AE9}.Release|Any CPU.ActiveCfg = Release|Any CPU
		{4316992C-7B72-4AB4-93D1-889787FC9AE9}.Release|Any CPU.Build.0 = Release|Any CPU
		{1FC8C4BF-FA85-47D7-B7CE-36B3F90725BF}.Debug|Any CPU.ActiveCfg = Debug|Any CPU
		{1FC8C4BF-FA85-47D7-B7CE-36B3F90725BF}.Debug|Any CPU.Build.0 = Debug|Any CPU
		{1FC8C4BF-FA85-47D7-B7CE-36B3F90725BF}.Release|Any CPU.ActiveCfg = Release|Any CPU
		{1FC8C4BF-FA85-47D7-B7CE-36B3F90725BF}.Release|Any CPU.Build.0 = Release|Any CPU
	EndGlobalSection
	GlobalSection(NestedProjects) = preSolution
		{98152374-7362-41A1-9B8F-EB9D80AFCC0F} = {7F16FBAF-079E-47C5-B162-4A7A7E22C293}
		{3EB31860-BA61-4681-A079-8ADD15C639A7} = {98152374-7362-41A1-9B8F-EB9D80AFCC0F}
		{B2340862-4491-4CA2-A24B-60E0EE7CEAB0} = {98152374-7362-41A1-9B8F-EB9D80AFCC0F}
		{0C521B66-A297-4879-8C81-3BCAB038470D} = {98152374-7362-41A1-9B8F-EB9D80AFCC0F}
		{40717EF0-C61C-45CF-A93D-936BA7E08019} = {7F16FBAF-079E-47C5-B162-4A7A7E22C293}
		{3E76A9E7-FDA7-4E20-A685-8B82C838BD10} = {40717EF0-C61C-45CF-A93D-936BA7E08019}
		{DE7DCA63-5921-4F51-B79D-53CCFA33FF89} = {40717EF0-C61C-45CF-A93D-936BA7E08019}
		{7819E040-87CB-4258-B729-3F6C9A08315E} = {40717EF0-C61C-45CF-A93D-936BA7E08019}
		{D369D2B5-2DF1-4CD9-B896-BE5A18EE3367} = {C8A7AC3A-10CA-4A99-87C9-BB9CD3FCFC5D}
		{BC70DF67-79D9-4132-9291-F7923F30A748} = {C8A7AC3A-10CA-4A99-87C9-BB9CD3FCFC5D}
		{4316992C-7B72-4AB4-93D1-889787FC9AE9} = {98152374-7362-41A1-9B8F-EB9D80AFCC0F}
		{1FC8C4BF-FA85-47D7-B7CE-36B3F90725BF} = {40717EF0-C61C-45CF-A93D-936BA7E08019}
	EndGlobalSection
EndGlobal
